
Microsoft Visual Studio Solution File, Format Version 11.00
# Visual C# Express 2010
Project("{FAE04EC0-301F-11D3-BF4B-00C04F79EFBC}") = "CS4BB", "CS4BB\CS4BB.csproj", "{AC9A5DEF-DBAE-4B61-B3AC-C130CAF48D4B}"
EndProject
Project("{FAE04EC0-301F-11D3-BF4B-00C04F79EFBC}") = "CS4BBLib", "CS4BBLib\CS4BBLib.csproj", "{8C2F3368-E8AA-4D2A-8CCE-742F15581C1B}"
EndProject
Project("{FAE04EC0-301F-11D3-BF4B-00C04F79EFBC}") = "HelloWorldCSDemo", "HelloWorldCSDemo\HelloWorldCSDemo.csproj", "{ED713DDD-D70D-4643-AA17-C9A74E064C21}"
EndProject
Project("{FAE04EC0-301F-11D3-BF4B-00C04F79EFBC}") = "Test", "Test\Test.csproj", "{247D0B48-98EB-4867-963B-8E03AA321FB9}"
EndProject
Project("{FAE04EC0-301F-11D3-BF4B-00C04F79EFBC}") = "InterfacesDemo", "InterfacesDemo\InterfacesDemo.csproj", "{7A44731F-B1AA-4DAC-A919-C213B3E548DE}"
EndProject
Project("{FAE04EC0-301F-11D3-BF4B-00C04F79EFBC}") = "AutoPropertiesDemo", "AutoPropertiesDemo\AutoPropertiesDemo.csproj", "{9FA9752B-AC25-480B-A4A9-FA69E8BAB56E}"
EndProject
Global
	GlobalSection(SolutionConfigurationPlatforms) = preSolution
		Debug|Any CPU = Debug|Any CPU
		Debug|Mixed Platforms = Debug|Mixed Platforms
		Debug|x86 = Debug|x86
		Release|Any CPU = Release|Any CPU
		Release|Mixed Platforms = Release|Mixed Platforms
		Release|x86 = Release|x86
	EndGlobalSection
	GlobalSection(ProjectConfigurationPlatforms) = postSolution
		{AC9A5DEF-DBAE-4B61-B3AC-C130CAF48D4B}.Debug|Any CPU.ActiveCfg = Debug|Any CPU
		{AC9A5DEF-DBAE-4B61-B3AC-C130CAF48D4B}.Debug|Any CPU.Build.0 = Debug|Any CPU
		{AC9A5DEF-DBAE-4B61-B3AC-C130CAF48D4B}.Debug|Mixed Platforms.ActiveCfg = Debug|Any CPU
		{AC9A5DEF-DBAE-4B61-B3AC-C130CAF48D4B}.Debug|Mixed Platforms.Build.0 = Debug|Any CPU
		{AC9A5DEF-DBAE-4B61-B3AC-C130CAF48D4B}.Debug|x86.ActiveCfg = Debug|Any CPU
		{AC9A5DEF-DBAE-4B61-B3AC-C130CAF48D4B}.Release|Any CPU.ActiveCfg = Release|Any CPU
		{AC9A5DEF-DBAE-4B61-B3AC-C130CAF48D4B}.Release|Any CPU.Build.0 = Release|Any CPU
		{AC9A5DEF-DBAE-4B61-B3AC-C130CAF48D4B}.Release|Mixed Platforms.ActiveCfg = Release|Any CPU
		{AC9A5DEF-DBAE-4B61-B3AC-C130CAF48D4B}.Release|Mixed Platforms.Build.0 = Release|Any CPU
		{AC9A5DEF-DBAE-4B61-B3AC-C130CAF48D4B}.Release|x86.ActiveCfg = Release|Any CPU
		{8C2F3368-E8AA-4D2A-8CCE-742F15581C1B}.Debug|Any CPU.ActiveCfg = Debug|Any CPU
		{8C2F3368-E8AA-4D2A-8CCE-742F15581C1B}.Debug|Any CPU.Build.0 = Debug|Any CPU
		{8C2F3368-E8AA-4D2A-8CCE-742F15581C1B}.Debug|Mixed Platforms.ActiveCfg = Debug|Any CPU
		{8C2F3368-E8AA-4D2A-8CCE-742F15581C1B}.Debug|Mixed Platforms.Build.0 = Debug|Any CPU
		{8C2F3368-E8AA-4D2A-8CCE-742F15581C1B}.Debug|x86.ActiveCfg = Debug|Any CPU
		{8C2F3368-E8AA-4D2A-8CCE-742F15581C1B}.Release|Any CPU.ActiveCfg = Release|Any CPU
		{8C2F3368-E8AA-4D2A-8CCE-742F15581C1B}.Release|Any CPU.Build.0 = Release|Any CPU
		{8C2F3368-E8AA-4D2A-8CCE-742F15581C1B}.Release|Mixed Platforms.ActiveCfg = Release|Any CPU
		{8C2F3368-E8AA-4D2A-8CCE-742F15581C1B}.Release|Mixed Platforms.Build.0 = Release|Any CPU
		{8C2F3368-E8AA-4D2A-8CCE-742F15581C1B}.Release|x86.ActiveCfg = Release|Any CPU
		{ED713DDD-D70D-4643-AA17-C9A74E064C21}.Debug|Any CPU.ActiveCfg = Debug|Any CPU
		{ED713DDD-D70D-4643-AA17-C9A74E064C21}.Debug|Any CPU.Build.0 = Debug|Any CPU
		{ED713DDD-D70D-4643-AA17-C9A74E064C21}.Debug|Mixed Platforms.ActiveCfg = Debug|Any CPU
		{ED713DDD-D70D-4643-AA17-C9A74E064C21}.Debug|Mixed Platforms.Build.0 = Debug|Any CPU
		{ED713DDD-D70D-4643-AA17-C9A74E064C21}.Debug|x86.ActiveCfg = Debug|Any CPU
		{ED713DDD-D70D-4643-AA17-C9A74E064C21}.Release|Any CPU.ActiveCfg = Release|Any CPU
		{ED713DDD-D70D-4643-AA17-C9A74E064C21}.Release|Any CPU.Build.0 = Release|Any CPU
		{ED713DDD-D70D-4643-AA17-C9A74E064C21}.Release|Mixed Platforms.ActiveCfg = Release|Any CPU
		{ED713DDD-D70D-4643-AA17-C9A74E064C21}.Release|Mixed Platforms.Build.0 = Release|Any CPU
		{ED713DDD-D70D-4643-AA17-C9A74E064C21}.Release|x86.ActiveCfg = Release|Any CPU
		{247D0B48-98EB-4867-963B-8E03AA321FB9}.Debug|Any CPU.ActiveCfg = Debug|x86
		{247D0B48-98EB-4867-963B-8E03AA321FB9}.Debug|Mixed Platforms.ActiveCfg = Debug|x86
		{247D0B48-98EB-4867-963B-8E03AA321FB9}.Debug|Mixed Platforms.Build.0 = Debug|x86
		{247D0B48-98EB-4867-963B-8E03AA321FB9}.Debug|x86.ActiveCfg = Debug|x86
		{247D0B48-98EB-4867-963B-8E03AA321FB9}.Debug|x86.Build.0 = Debug|x86
		{247D0B48-98EB-4867-963B-8E03AA321FB9}.Release|Any CPU.ActiveCfg = Release|x86
		{247D0B48-98EB-4867-963B-8E03AA321FB9}.Release|Mixed Platforms.ActiveCfg = Release|x86
		{247D0B48-98EB-4867-963B-8E03AA321FB9}.Release|Mixed Platforms.Build.0 = Release|x86
		{247D0B48-98EB-4867-963B-8E03AA321FB9}.Release|x86.ActiveCfg = Release|x86
		{247D0B48-98EB-4867-963B-8E03AA321FB9}.Release|x86.Build.0 = Release|x86
		{7A44731F-B1AA-4DAC-A919-C213B3E548DE}.Debug|Any CPU.ActiveCfg = Debug|x86
		{7A44731F-B1AA-4DAC-A919-C213B3E548DE}.Debug|Mixed Platforms.ActiveCfg = Debug|x86
		{7A44731F-B1AA-4DAC-A919-C213B3E548DE}.Debug|Mixed Platforms.Build.0 = Debug|x86
		{7A44731F-B1AA-4DAC-A919-C213B3E548DE}.Debug|x86.ActiveCfg = Debug|x86
		{7A44731F-B1AA-4DAC-A919-C213B3E548DE}.Debug|x86.Build.0 = Debug|x86
		{7A44731F-B1AA-4DAC-A919-C213B3E548DE}.Release|Any CPU.ActiveCfg = Release|x86
		{7A44731F-B1AA-4DAC-A919-C213B3E548DE}.Release|Mixed Platforms.ActiveCfg = Release|x86
		{7A44731F-B1AA-4DAC-A919-C213B3E548DE}.Release|Mixed Platforms.Build.0 = Release|x86
		{7A44731F-B1AA-4DAC-A919-C213B3E548DE}.Release|x86.ActiveCfg = Release|x86
		{7A44731F-B1AA-4DAC-A919-C213B3E548DE}.Release|x86.Build.0 = Release|x86
		{9FA9752B-AC25-480B-A4A9-FA69E8BAB56E}.Debug|Any CPU.ActiveCfg = Debug|x86
		{9FA9752B-AC25-480B-A4A9-FA69E8BAB56E}.Debug|Mixed Platforms.ActiveCfg = Debug|x86
		{9FA9752B-AC25-480B-A4A9-FA69E8BAB56E}.Debug|Mixed Platforms.Build.0 = Debug|x86
		{9FA9752B-AC25-480B-A4A9-FA69E8BAB56E}.Debug|x86.ActiveCfg = Debug|x86
		{9FA9752B-AC25-480B-A4A9-FA69E8BAB56E}.Debug|x86.Build.0 = Debug|x86
		{9FA9752B-AC25-480B-A4A9-FA69E8BAB56E}.Release|Any CPU.ActiveCfg = Release|x86
		{9FA9752B-AC25-480B-A4A9-FA69E8BAB56E}.Release|Mixed Platforms.ActiveCfg = Release|x86
		{9FA9752B-AC25-480B-A4A9-FA69E8BAB56E}.Release|Mixed Platforms.Build.0 = Release|x86
		{9FA9752B-AC25-480B-A4A9-FA69E8BAB56E}.Release|x86.ActiveCfg = Release|x86
		{9FA9752B-AC25-480B-A4A9-FA69E8BAB56E}.Release|x86.Build.0 = Release|x86
	EndGlobalSection
	GlobalSection(SolutionProperties) = preSolution
		HideSolutionNode = FALSE
	EndGlobalSection
	GlobalSection(SourceCodeControl) = preSolution
		SccNumberOfProjects = 4
		SccLocalPath0 = .
		SccProjectUniqueName1 = CS4BB\\CS4BB.csproj
		SccLocalPath1 = .
		SccProjectFilePathRelativizedFromConnection1 = CS4BB\\
		SccProjectUniqueName2 = CS4BBLib\\CS4BBLib.csproj
		SccLocalPath2 = .
		SccProjectFilePathRelativizedFromConnection2 = CS4BBLib\\
		SccProjectUniqueName3 = HelloWorldCSDemo\\HelloWorldCSDemo.csproj
		SccLocalPath3 = .
		SccProjectFilePathRelativizedFromConnection3 = HelloWorldCSDemo\\
	EndGlobalSection
EndGlobal
